
Microsoft Visual Studio Solution File, Format Version 12.00
# Visual Studio Version 17
VisualStudioVersion = 17.9.34728.123
MinimumVisualStudioVersion = 10.0.40219.1
Project("{FAE04EC0-301F-11D3-BF4B-00C04F79EFBC}") = "WebApplication5", "WebApplication5\WebApplication5.csproj", "{28A4B54B-79FA-4D02-8A62-2CCFA1C58E2A}"
EndProject
Global
	GlobalSection(SolutionConfigurationPlatforms) = preSolution
		Debug|Any CPU = Debug|Any CPU
		Release|Any CPU = Release|Any CPU
	EndGlobalSection
	GlobalSection(ProjectConfigurationPlatforms) = postSolution
		{28A4B54B-79FA-4D02-8A62-2CCFA1C58E2A}.Debug|Any CPU.ActiveCfg = Debug|Any CPU
		{28A4B54B-79FA-4D02-8A62-2CCFA1C58E2A}.Debug|Any CPU.Build.0 = Debug|Any CPU
		{28A4B54B-79FA-4D02-8A62-2CCFA1C58E2A}.Release|Any CPU.ActiveCfg = Release|Any CPU
		{28A4B54B-79FA-4D02-8A62-2CCFA1C58E2A}.Release|Any CPU.Build.0 = Release|Any CPU
	EndGlobalSection
	GlobalSection(SolutionProperties) = preSolution
		HideSolutionNode = FALSE
	EndGlobalSection
	GlobalSection(ExtensibilityGlobals) = postSolution
		SolutionGuid = {2D451702-B588-48D5-AA78-8F0B45B98833}
	EndGlobalSection
EndGlobal
